// !$*UTF8*$!
{
	archiveVersion = 1;
	classes = {
	};
	objectVersion = 46;
	objects = {

/* Begin PBXBuildFile section */
		8CCFA44F1AB814BB0034C7AC /* main.m in Sources */ = {isa = PBXBuildFile; fileRef = 8CCFA44E1AB814BB0034C7AC /* main.m */; };
/* End PBXBuildFile section */

/* Begin PBXCopyFilesBuildPhase section */
		8CCFA4491AB814BB0034C7AC /* CopyFiles */ = {
			isa = PBXCopyFilesBuildPhase;
			buildActionMask = 2147483647;
			dstPath = /usr/share/man/man1/;
			dstSubfolderSpec = 0;
			files = (
			);
			runOnlyForDeploymentPostprocessing = 1;
		};
/* End PBXCopyFilesBuildPhase section */

/* Begin PBXFileReference section */
		8CCFA44B1AB814BB0034C7AC /* plfr */ = {isa = PBXFileReference; explicitFileType = "compiled.mach-o.executable"; includeInIndex = 0; path = plfr; sourceTree = BUILT_PRODUCTS_DIR; };
		8CCFA44E1AB814BB0034C7AC /* main.m */ = {isa = PBXFileReference; lastKnownFileType = sourcecode.c.objc; path = main.m; sourceTree = "<group>"; };
/* End PBXFileReference section */

/* Begin PBXFrameworksBuildPhase section */
		8CCFA4481AB814BB0034C7AC /* Frameworks */ = {
			isa = PBXFrameworksBuildPhase;
			buildActionMask = 2147483647;
			files = (
			);
			runOnlyForDeploymentPostprocessing = 0;
		};
/* End PBXFrameworksBuildPhase section */

/* Begin PBXGroup section */
		8CCFA4421AB814BB0034C7AC = {
			isa = PBXGroup;
			children = (
				8CCFA44D1AB814BB0034C7AC /* plfr */,
				8CCFA44C1AB814BB0034C7AC /* Products */,
			);
			sourceTree = "<group>";
		};
		8CCFA44C1AB814BB0034C7AC /* Products */ = {
			isa = PBXGroup;
			children = (
				8CCFA44B1AB814BB0034C7AC /* plfr */,
			);
			name = Products;
			sourceTree = "<group>";
		};
		8CCFA44D1AB814BB0034C7AC /* plfr */ = {
			isa = PBXGroup;
			children = (
				8CCFA44E1AB814BB0034C7AC /* main.m */,
			);
			path = plfr;
			sourceTree = "<group>";
		};
/* End PBXGroup section */

/* Begin PBXNativeTarget section */
		8CCFA44A1AB814BB0034C7AC /* plfr */ = {
			isa = PBXNativeTarget;
			buildConfigurationList = 8CCFA4521AB814BB0034C7AC /* Build configuration list for PBXNativeTarget "plfr" */;
			buildPhases = (
				8CCFA4471AB814BB0034C7AC /* Sources */,
				8CCFA4481AB814BB0034C7AC /* Frameworks */,
				8CCFA4491AB814BB0034C7AC /* CopyFiles */,
			);
			buildRules = (
			);
			dependencies = (
			);
			name = plfr;
			productName = plfr;
			productReference = 8CCFA44B1AB814BB0034C7AC /* plfr */;
			productType = "com.apple.product-type.tool";
		};
/* End PBXNativeTarget section */

/* Begin PBXProject section */
		8CCFA4431AB814BB0034C7AC /* Project object */ = {
			isa = PBXProject;
			attributes = {
				LastUpgradeCheck = 0620;
				ORGANIZATIONNAME = "David Gauthier";
				TargetAttributes = {
					8CCFA44A1AB814BB0034C7AC = {
						CreatedOnToolsVersion = 6.2;
					};
				};
			};
			buildConfigurationList = 8CCFA4461AB814BB0034C7AC /* Build configuration list for PBXProject "plfr" */;
			compatibilityVersion = "Xcode 3.2";
			developmentRegion = English;
			hasScannedForEncodings = 0;
			knownRegions = (
				en,
			);
			mainGroup = 8CCFA4421AB814BB0034C7AC;
			productRefGroup = 8CCFA44C1AB814BB0034C7AC /* Products */;
			projectDirPath = "";
			projectRoot = "";
			targets = (
				8CCFA44A1AB814BB0034C7AC /* plfr */,
			);
		};
/* End PBXProject section */

/* Begin PBXSourcesBuildPhase section */
		8CCFA4471AB814BB0034C7AC /* Sources */ = {
			isa = PBXSourcesBuildPhase;
			buildActionMask = 2147483647;
			files = (
				8CCFA44F1AB814BB0034C7AC /* main.m in Sources */,
			);
			runOnlyForDeploymentPostprocessing = 0;
		};
/* End PBXSourcesBuildPhase section */

/* Begin XCBuildConfiguration section */
		8CCFA4501AB814BB0034C7AC /* Debug */ = {
			isa = XCBuildConfiguration;
			buildSettings = {
				ALWAYS_SEARCH_USER_PATHS = NO;
				CLANG_CXX_LANGUAGE_STANDARD = "gnu++0x";
				CLANG_CXX_LIBRARY = "libc++";
				CLANG_ENABLE_MODULES = YES;
				CLANG_ENABLE_OBJC_ARC = YES;
				CLANG_WARN_BOOL_CONVERSION = YES;
				CLANG_WARN_CONSTANT_CONVERSION = YES;
				CLANG_WARN_DIRECT_OBJC_ISA_USAGE = YES_ERROR;
				CLANG_WARN_EMPTY_BODY = YES;
				CLANG_WARN_ENUM_CONVERSION = YES;
				CLANG_WARN_INT_CONVERSION = YES;
				CLANG_WARN_OBJC_ROOT_CLASS = YES_ERROR;
				CLANG_WARN_UNREACHABLE_CODE = YES;
				CLANG_WARN__DUPLICATE_METHOD_MATCH = YES;
				COPY_PHASE_STRIP = NO;
				ENABLE_STRICT_OBJC_MSGSEND = YES;
				GCC_C_LANGUAGE_STANDARD = gnu99;
				GCC_DYNAMIC_NO_PIC = NO;
				GCC_OPTIMIZATION_LEVEL = 0;
				GCC_PREPROCESSOR_DEFINITIONS = (
					"DEBUG=1",
					"$(inherited)",
				);
				GCC_SYMBOLS_PRIVATE_EXTERN = NO;
				GCC_WARN_64_TO_32_BIT_CONVERSION = YES;
				GCC_WARN_ABOUT_RETURN_TYPE = YES_ERROR;
				GCC_WARN_UNDECLARED_SELECTOR = YES;
				GCC_WARN_UNINITIALIZED_AUTOS = YES_AGGRESSIVE;
				GCC_WARN_UNUSED_FUNCTION = YES;
				GCC_WARN_UNUSED_VARIABLE = YES;
				MACOSX_DEPLOYMENT_TARGET = 10.10;
				MTL_ENABLE_DEBUG_INFO = YES;
				ONLY_ACTIVE_ARCH = YES;
				SDKROOT = macosx;
			};
			name = Debug;
		};
		8CCFA4511AB814BB0034C7AC /* Release */ = {
			isa = XCBuildConfiguration;
			buildSettings = {
				ALWAYS_SEARCH_USER_PATHS = NO;
				CLANG_CXX_LANGUAGE_STANDARD = "gnu++0x";
				CLANG_CXX_LIBRARY = "libc++";
				CLANG_ENABLE_MODULES = YES;
				CLANG_ENABLE_OBJC_ARC = YES;
				CLANG_WARN_BOOL_CONVERSION = YES;
				CLANG_WARN_CONSTANT_CONVERSION = YES;
				CLANG_WARN_DIRECT_OBJC_ISA_USAGE = YES_ERROR;
				CLANG_WARN_EMPTY_BODY = YES;
				CLANG_WARN_ENUM_CONVERSION = YES;
				CLANG_WARN_INT_CONVERSION = YES;
				CLANG_WARN_OBJC_ROOT_CLASS = YES_ERROR;
				CLANG_WARN_UNREACHABLE_CODE = YES;
				CLANG_WARN__DUPLICATE_METHOD_MATCH = YES;
				COPY_PHASE_STRIP = NO;
				DEBUG_INFORMATION_FORMAT = "dwarf-with-dsym";
				ENABLE_NS_ASSERTIONS = NO;
				ENABLE_STRICT_OBJC_MSGSEND = YES;
				GCC_C_LANGUAGE_STANDARD = gnu99;
				GCC_WARN_64_TO_32_BIT_CONVERSION = YES;
				GCC_WARN_ABOUT_RETURN_TYPE = YES_ERROR;
				GCC_WARN_UNDECLARED_SELECTOR = YES;
				GCC_WARN_UNINITIALIZED_AUTOS = YES_AGGRESSIVE;
				GCC_WARN_UNUSED_FUNCTION = YES;
				GCC_WARN_UNUSED_VARIABLE = YES;
				MACOSX_DEPLOYMENT_TARGET = 10.10;
				MTL_ENABLE_DEBUG_INFO = NO;
				SDKROOT = macosx;
			};
			name = Release;
		};
		8CCFA4531AB814BB0034C7AC /* Debug */ = {
			isa = XCBuildConfiguration;
			buildSettings = {
				PRODUCT_NAME = "$(TARGET_NAME)";
			};
			name = Debug;
		};
		8CCFA4541AB814BB0034C7AC /* Release */ = {
			isa = XCBuildConfiguration;
			buildSettings = {
				PRODUCT_NAME = "$(TARGET_NAME)";
			};
			name = Release;
		};
/* End XCBuildConfiguration section */

/* Begin XCConfigurationList section */
		8CCFA4461AB814BB0034C7AC /* Build configuration list for PBXProject "plfr" */ = {
			isa = XCConfigurationList;
			buildConfigurations = (
				8CCFA4501AB814BB0034C7AC /* Debug */,
				8CCFA4511AB814BB0034C7AC /* Release */,
			);
			defaultConfigurationIsVisible = 0;
			defaultConfigurationName = Release;
		};
		8CCFA4521AB814BB0034C7AC /* Build configuration list for PBXNativeTarget "plfr" */ = {
			isa = XCConfigurationList;
			buildConfigurations = (
				8CCFA4531AB814BB0034C7AC /* Debug */,
				8CCFA4541AB814BB0034C7AC /* Release */,
			);
			defaultConfigurationIsVisible = 0;
		};
/* End XCConfigurationList section */
	};
	rootObject = 8CCFA4431AB814BB0034C7AC /* Project object */;
}
